
Microsoft Visual Studio Solution File, Format Version 12.00
# Visual Studio Version 17
VisualStudioVersion = 17.8.34322.80
MinimumVisualStudioVersion = 10.0.40219.1
Project("{FAE04EC0-301F-11D3-BF4B-00C04F79EFBC}") = "Clubs", "Clubs.csproj", "{FCC17AF7-0278-4F0A-B914-00DF20A4970E}"
EndProject
Global
	GlobalSection(SolutionConfigurationPlatforms) = preSolution
		Debug|Any CPU = Debug|Any CPU
		Release|Any CPU = Release|Any CPU
	EndGlobalSection
	GlobalSection(ProjectConfigurationPlatforms) = postSolution
		{FCC17AF7-0278-4F0A-B914-00DF20A4970E}.Debug|Any CPU.ActiveCfg = Debug|Any CPU
		{FCC17AF7-0278-4F0A-B914-00DF20A4970E}.Debug|Any CPU.Build.0 = Debug|Any CPU
		{FCC17AF7-0278-4F0A-B914-00DF20A4970E}.Release|Any CPU.ActiveCfg = Release|Any CPU
		{FCC17AF7-0278-4F0A-B914-00DF20A4970E}.Release|Any CPU.Build.0 = Release|Any CPU
	EndGlobalSection
	GlobalSection(SolutionProperties) = preSolution
		HideSolutionNode = FALSE
	EndGlobalSection
	GlobalSection(ExtensibilityGlobals) = postSolution
		SolutionGuid = {D4AF347F-336F-48C0-9CB8-F6D3EE5E4E60}
	EndGlobalSection
EndGlobal
